// !$*UTF8*$!
{
	archiveVersion = 1;
	classes = {
	};
	objectVersion = 51;
	objects = {

/* Begin PBXBuildFile section */
		8B52D6C6F1BF8CE87C9FC8AE /* Pods_Instagram.framework in Frameworks */ = {isa = PBXBuildFile; fileRef = FA4F7B49EC6AD09E0E4BA22B /* Pods_Instagram.framework */; };
		A34DA70C249A6B28008394E9 /* Const.swift in Sources */ = {isa = PBXBuildFile; fileRef = A34DA70B249A6B28008394E9 /* Const.swift */; };
		A36AF3702495D0C8009292CA /* AppDelegate.swift in Sources */ = {isa = PBXBuildFile; fileRef = A36AF36F2495D0C8009292CA /* AppDelegate.swift */; };
		A36AF3722495D0C8009292CA /* SceneDelegate.swift in Sources */ = {isa = PBXBuildFile; fileRef = A36AF3712495D0C8009292CA /* SceneDelegate.swift */; };
		A36AF3772495D0C8009292CA /* Main.storyboard in Resources */ = {isa = PBXBuildFile; fileRef = A36AF3752495D0C8009292CA /* Main.storyboard */; };
		A36AF3792495D0CA009292CA /* Assets.xcassets in Resources */ = {isa = PBXBuildFile; fileRef = A36AF3782495D0CA009292CA /* Assets.xcassets */; };
		A36AF37C2495D0CA009292CA /* LaunchScreen.storyboard in Resources */ = {isa = PBXBuildFile; fileRef = A36AF37A2495D0CA009292CA /* LaunchScreen.storyboard */; };
		A36AF3842495D1B9009292CA /* LoginViewController.swift in Sources */ = {isa = PBXBuildFile; fileRef = A36AF3832495D1B9009292CA /* LoginViewController.swift */; };
		A36AF3862495D1D1009292CA /* HomeViewController.swift in Sources */ = {isa = PBXBuildFile; fileRef = A36AF3852495D1D1009292CA /* HomeViewController.swift */; };
		A36AF38A2495D1F6009292CA /* PostViewController.swift in Sources */ = {isa = PBXBuildFile; fileRef = A36AF3892495D1F6009292CA /* PostViewController.swift */; };
		A36AF38C2495D206009292CA /* ImageSelectViewController.swift in Sources */ = {isa = PBXBuildFile; fileRef = A36AF38B2495D206009292CA /* ImageSelectViewController.swift */; };
		A36AF38E2495D214009292CA /* SettingViewController.swift in Sources */ = {isa = PBXBuildFile; fileRef = A36AF38D2495D214009292CA /* SettingViewController.swift */; };
		A36AF3902495DDA6009292CA /* TabBarController.swift in Sources */ = {isa = PBXBuildFile; fileRef = A36AF38F2495DDA6009292CA /* TabBarController.swift */; };
		A36AF39224964D61009292CA /* GoogleService-Info.plist in Resources */ = {isa = PBXBuildFile; fileRef = A36AF39124964D61009292CA /* GoogleService-Info.plist */; };
		A383C1B1249BB27A00C83220 /* PostData.swift in Sources */ = {isa = PBXBuildFile; fileRef = A383C1B0249BB27A00C83220 /* PostData.swift */; };
		A383C1B4249BB4B400C83220 /* PostTableViewCell.swift in Sources */ = {isa = PBXBuildFile; fileRef = A383C1B2249BB4B400C83220 /* PostTableViewCell.swift */; };
		A383C1B5249BB4B400C83220 /* PostTableViewCell.xib in Resources */ = {isa = PBXBuildFile; fileRef = A383C1B3249BB4B400C83220 /* PostTableViewCell.xib */; };
		A38CB34824AA180100DD920A /* ComentViewController.swift in Sources */ = {isa = PBXBuildFile; fileRef = A38CB34724AA180100DD920A /* ComentViewController.swift */; };
/* End PBXBuildFile section */

/* Begin PBXFileReference section */
		2FB57E7C4B7351D1ACFFB3B3 /* Pods-Instagram.debug.xcconfig */ = {isa = PBXFileReference; includeInIndex = 1; lastKnownFileType = text.xcconfig; name = "Pods-Instagram.debug.xcconfig"; path = "Target Support Files/Pods-Instagram/Pods-Instagram.debug.xcconfig"; sourceTree = "<group>"; };
		A34DA70B249A6B28008394E9 /* Const.swift */ = {isa = PBXFileReference; lastKnownFileType = sourcecode.swift; path = Const.swift; sourceTree = "<group>"; };
		A36AF36C2495D0C8009292CA /* Instagram.app */ = {isa = PBXFileReference; explicitFileType = wrapper.application; includeInIndex = 0; path = Instagram.app; sourceTree = BUILT_PRODUCTS_DIR; };
		A36AF36F2495D0C8009292CA /* AppDelegate.swift */ = {isa = PBXFileReference; lastKnownFileType = sourcecode.swift; path = AppDelegate.swift; sourceTree = "<group>"; };
		A36AF3712495D0C8009292CA /* SceneDelegate.swift */ = {isa = PBXFileReference; lastKnownFileType = sourcecode.swift; path = SceneDelegate.swift; sourceTree = "<group>"; };
		A36AF3762495D0C8009292CA /* Base */ = {isa = PBXFileReference; lastKnownFileType = file.storyboard; name = Base; path = Base.lproj/Main.storyboard; sourceTree = "<group>"; };
		A36AF3782495D0CA009292CA /* Assets.xcassets */ = {isa = PBXFileReference; lastKnownFileType = folder.assetcatalog; path = Assets.xcassets; sourceTree = "<group>"; };
		A36AF37B2495D0CA009292CA /* Base */ = {isa = PBXFileReference; lastKnownFileType = file.storyboard; name = Base; path = Base.lproj/LaunchScreen.storyboard; sourceTree = "<group>"; };
		A36AF37D2495D0CA009292CA /* Info.plist */ = {isa = PBXFileReference; lastKnownFileType = text.plist.xml; path = Info.plist; sourceTree = "<group>"; };
		A36AF3832495D1B9009292CA /* LoginViewController.swift */ = {isa = PBXFileReference; lastKnownFileType = sourcecode.swift; path = LoginViewController.swift; sourceTree = "<group>"; };
		A36AF3852495D1D1009292CA /* HomeViewController.swift */ = {isa = PBXFileReference; lastKnownFileType = sourcecode.swift; path = HomeViewController.swift; sourceTree = "<group>"; };
		A36AF3892495D1F6009292CA /* PostViewController.swift */ = {isa = PBXFileReference; lastKnownFileType = sourcecode.swift; path = PostViewController.swift; sourceTree = "<group>"; };
		A36AF38B2495D206009292CA /* ImageSelectViewController.swift */ = {isa = PBXFileReference; lastKnownFileType = sourcecode.swift; path = ImageSelectViewController.swift; sourceTree = "<group>"; };
		A36AF38D2495D214009292CA /* SettingViewController.swift */ = {isa = PBXFileReference; lastKnownFileType = sourcecode.swift; path = SettingViewController.swift; sourceTree = "<group>"; };
		A36AF38F2495DDA6009292CA /* TabBarController.swift */ = {isa = PBXFileReference; lastKnownFileType = sourcecode.swift; path = TabBarController.swift; sourceTree = "<group>"; };
		A36AF39124964D61009292CA /* GoogleService-Info.plist */ = {isa = PBXFileReference; fileEncoding = 4; lastKnownFileType = text.plist.xml; path = "GoogleService-Info.plist"; sourceTree = "<group>"; };
		A383C1B0249BB27A00C83220 /* PostData.swift */ = {isa = PBXFileReference; lastKnownFileType = sourcecode.swift; path = PostData.swift; sourceTree = "<group>"; };
		A383C1B2249BB4B400C83220 /* PostTableViewCell.swift */ = {isa = PBXFileReference; lastKnownFileType = sourcecode.swift; path = PostTableViewCell.swift; sourceTree = "<group>"; };
		A383C1B3249BB4B400C83220 /* PostTableViewCell.xib */ = {isa = PBXFileReference; lastKnownFileType = file.xib; path = PostTableViewCell.xib; sourceTree = "<group>"; };
		A38CB34724AA180100DD920A /* ComentViewController.swift */ = {isa = PBXFileReference; lastKnownFileType = sourcecode.swift; path = ComentViewController.swift; sourceTree = "<group>"; };
		E95BBAC9D7E3149A1A3BA1BF /* Pods-Instagram.release.xcconfig */ = {isa = PBXFileReference; includeInIndex = 1; lastKnownFileType = text.xcconfig; name = "Pods-Instagram.release.xcconfig"; path = "Target Support Files/Pods-Instagram/Pods-Instagram.release.xcconfig"; sourceTree = "<group>"; };
		FA4F7B49EC6AD09E0E4BA22B /* Pods_Instagram.framework */ = {isa = PBXFileReference; explicitFileType = wrapper.framework; includeInIndex = 0; path = Pods_Instagram.framework; sourceTree = BUILT_PRODUCTS_DIR; };
/* End PBXFileReference section */

/* Begin PBXFrameworksBuildPhase section */
		A36AF3692495D0C8009292CA /* Frameworks */ = {
			isa = PBXFrameworksBuildPhase;
			buildActionMask = 2147483647;
			files = (
				8B52D6C6F1BF8CE87C9FC8AE /* Pods_Instagram.framework in Frameworks */,
			);
			runOnlyForDeploymentPostprocessing = 0;
		};
/* End PBXFrameworksBuildPhase section */

/* Begin PBXGroup section */
		138220C4A6142CF84C88D260 /* Frameworks */ = {
			isa = PBXGroup;
			children = (
				FA4F7B49EC6AD09E0E4BA22B /* Pods_Instagram.framework */,
			);
			name = Frameworks;
			sourceTree = "<group>";
		};
		3355B761E0A6F796F7D3C2A5 /* Pods */ = {
			isa = PBXGroup;
			children = (
				2FB57E7C4B7351D1ACFFB3B3 /* Pods-Instagram.debug.xcconfig */,
				E95BBAC9D7E3149A1A3BA1BF /* Pods-Instagram.release.xcconfig */,
			);
			path = Pods;
			sourceTree = "<group>";
		};
		A36AF3632495D0C8009292CA = {
			isa = PBXGroup;
			children = (
				A34DA70B249A6B28008394E9 /* Const.swift */,
				A36AF36E2495D0C8009292CA /* Instagram */,
				A36AF36D2495D0C8009292CA /* Products */,
				3355B761E0A6F796F7D3C2A5 /* Pods */,
				138220C4A6142CF84C88D260 /* Frameworks */,
			);
			sourceTree = "<group>";
		};
		A36AF36D2495D0C8009292CA /* Products */ = {
			isa = PBXGroup;
			children = (
				A36AF36C2495D0C8009292CA /* Instagram.app */,
			);
			name = Products;
			sourceTree = "<group>";
		};
		A36AF36E2495D0C8009292CA /* Instagram */ = {
			isa = PBXGroup;
			children = (
				A36AF3892495D1F6009292CA /* PostViewController.swift */,
				A36AF38B2495D206009292CA /* ImageSelectViewController.swift */,
				A36AF38D2495D214009292CA /* SettingViewController.swift */,
				A36AF36F2495D0C8009292CA /* AppDelegate.swift */,
				A36AF3712495D0C8009292CA /* SceneDelegate.swift */,
				A36AF3752495D0C8009292CA /* Main.storyboard */,
				A38CB34724AA180100DD920A /* ComentViewController.swift */,
				A383C1B0249BB27A00C83220 /* PostData.swift */,
				A383C1B2249BB4B400C83220 /* PostTableViewCell.swift */,
				A383C1B3249BB4B400C83220 /* PostTableViewCell.xib */,
				A36AF3832495D1B9009292CA /* LoginViewController.swift */,
				A36AF3852495D1D1009292CA /* HomeViewController.swift */,
				A36AF3782495D0CA009292CA /* Assets.xcassets */,
				A36AF37A2495D0CA009292CA /* LaunchScreen.storyboard */,
				A36AF37D2495D0CA009292CA /* Info.plist */,
				A36AF39124964D61009292CA /* GoogleService-Info.plist */,
				A36AF38F2495DDA6009292CA /* TabBarController.swift */,
			);
			path = Instagram;
			sourceTree = "<group>";
		};
/* End PBXGroup section */

/* Begin PBXNativeTarget section */
		A36AF36B2495D0C8009292CA /* Instagram */ = {
			isa = PBXNativeTarget;
			buildConfigurationList = A36AF3802495D0CA009292CA /* Build configuration list for PBXNativeTarget "Instagram" */;
			buildPhases = (
				5038789B3A6829432EA7BB4F /* [CP] Check Pods Manifest.lock */,
				A36AF3682495D0C8009292CA /* Sources */,
				A36AF3692495D0C8009292CA /* Frameworks */,
				A36AF36A2495D0C8009292CA /* Resources */,
				C7AB5411D601D811E4864EA1 /* [CP] Embed Pods Frameworks */,
			);
			buildRules = (
			);
			dependencies = (
			);
			name = Instagram;
			productName = Instagram;
			productReference = A36AF36C2495D0C8009292CA /* Instagram.app */;
			productType = "com.apple.product-type.application";
		};
/* End PBXNativeTarget section */

/* Begin PBXProject section */
		A36AF3642495D0C8009292CA /* Project object */ = {
			isa = PBXProject;
			attributes = {
				LastSwiftUpdateCheck = 1110;
				LastUpgradeCheck = 1110;
				ORGANIZATIONNAME = hiroki.sato;
				TargetAttributes = {
					A36AF36B2495D0C8009292CA = {
						CreatedOnToolsVersion = 11.1;
					};
				};
			};
			buildConfigurationList = A36AF3672495D0C8009292CA /* Build configuration list for PBXProject "Instagram" */;
			compatibilityVersion = "Xcode 9.3";
			developmentRegion = en;
			hasScannedForEncodings = 0;
			knownRegions = (
				en,
				Base,
			);
			mainGroup = A36AF3632495D0C8009292CA;
			productRefGroup = A36AF36D2495D0C8009292CA /* Products */;
			projectDirPath = "";
			projectRoot = "";
			targets = (
				A36AF36B2495D0C8009292CA /* Instagram */,
			);
		};
/* End PBXProject section */

/* Begin PBXResourcesBuildPhase section */
		A36AF36A2495D0C8009292CA /* Resources */ = {
			isa = PBXResourcesBuildPhase;
			buildActionMask = 2147483647;
			files = (
				A36AF37C2495D0CA009292CA /* LaunchScreen.storyboard in Resources */,
				A383C1B5249BB4B400C83220 /* PostTableViewCell.xib in Resources */,
				A36AF39224964D61009292CA /* GoogleService-Info.plist in Resources */,
				A36AF3792495D0CA009292CA /* Assets.xcassets in Resources */,
				A36AF3772495D0C8009292CA /* Main.storyboard in Resources */,
			);
			runOnlyForDeploymentPostprocessing = 0;
		};
/* End PBXResourcesBuildPhase section */

/* Begin PBXShellScriptBuildPhase section */
		5038789B3A6829432EA7BB4F /* [CP] Check Pods Manifest.lock */ = {
			isa = PBXShellScriptBuildPhase;
			buildActionMask = 2147483647;
			files = (
			);
			inputFileListPaths = (
			);
			inputPaths = (
				"${PODS_PODFILE_DIR_PATH}/Podfile.lock",
				"${PODS_ROOT}/Manifest.lock",
			);
			name = "[CP] Check Pods Manifest.lock";
			outputFileListPaths = (
			);
			outputPaths = (
				"$(DERIVED_FILE_DIR)/Pods-Instagram-checkManifestLockResult.txt",
			);
			runOnlyForDeploymentPostprocessing = 0;
			shellPath = /bin/sh;
			shellScript = "diff \"${PODS_PODFILE_DIR_PATH}/Podfile.lock\" \"${PODS_ROOT}/Manifest.lock\" > /dev/null\nif [ $? != 0 ] ; then\n    # print error to STDERR\n    echo \"error: The sandbox is not in sync with the Podfile.lock. Run 'pod install' or update your CocoaPods installation.\" >&2\n    exit 1\nfi\n# This output is used by Xcode 'outputs' to avoid re-running this script phase.\necho \"SUCCESS\" > \"${SCRIPT_OUTPUT_FILE_0}\"\n";
			showEnvVarsInLog = 0;
		};
		C7AB5411D601D811E4864EA1 /* [CP] Embed Pods Frameworks */ = {
			isa = PBXShellScriptBuildPhase;
			buildActionMask = 2147483647;
			files = (
			);
			inputFileListPaths = (
				"${PODS_ROOT}/Target Support Files/Pods-Instagram/Pods-Instagram-frameworks-${CONFIGURATION}-input-files.xcfilelist",
			);
			name = "[CP] Embed Pods Frameworks";
			outputFileListPaths = (
				"${PODS_ROOT}/Target Support Files/Pods-Instagram/Pods-Instagram-frameworks-${CONFIGURATION}-output-files.xcfilelist",
			);
			runOnlyForDeploymentPostprocessing = 0;
			shellPath = /bin/sh;
			shellScript = "\"${PODS_ROOT}/Target Support Files/Pods-Instagram/Pods-Instagram-frameworks.sh\"\n";
			showEnvVarsInLog = 0;
		};
/* End PBXShellScriptBuildPhase section */

/* Begin PBXSourcesBuildPhase section */
		A36AF3682495D0C8009292CA /* Sources */ = {
			isa = PBXSourcesBuildPhase;
			buildActionMask = 2147483647;
			files = (
				A383C1B4249BB4B400C83220 /* PostTableViewCell.swift in Sources */,
				A36AF38C2495D206009292CA /* ImageSelectViewController.swift in Sources */,
				A38CB34824AA180100DD920A /* ComentViewController.swift in Sources */,
				A36AF3902495DDA6009292CA /* TabBarController.swift in Sources */,
				A36AF38A2495D1F6009292CA /* PostViewController.swift in Sources */,
				A36AF3862495D1D1009292CA /* HomeViewController.swift in Sources */,
				A36AF38E2495D214009292CA /* SettingViewController.swift in Sources */,
				A383C1B1249BB27A00C83220 /* PostData.swift in Sources */,
				A36AF3842495D1B9009292CA /* LoginViewController.swift in Sources */,
				A36AF3702495D0C8009292CA /* AppDelegate.swift in Sources */,
				A36AF3722495D0C8009292CA /* SceneDelegate.swift in Sources */,
				A34DA70C249A6B28008394E9 /* Const.swift in Sources */,
			);
			runOnlyForDeploymentPostprocessing = 0;
		};
/* End PBXSourcesBuildPhase section */

/* Begin PBXVariantGroup section */
		A36AF3752495D0C8009292CA /* Main.storyboard */ = {
			isa = PBXVariantGroup;
			children = (
				A36AF3762495D0C8009292CA /* Base */,
			);
			name = Main.storyboard;
			sourceTree = "<group>";
		};
		A36AF37A2495D0CA009292CA /* LaunchScreen.storyboard */ = {
			isa = PBXVariantGroup;
			children = (
				A36AF37B2495D0CA009292CA /* Base */,
			);
			name = LaunchScreen.storyboard;
			sourceTree = "<group>";
		};
/* End PBXVariantGroup section */

/* Begin XCBuildConfiguration section */
		A36AF37E2495D0CA009292CA /* Debug */ = {
			isa = XCBuildConfiguration;
			buildSettings = {
				ALWAYS_SEARCH_USER_PATHS = NO;
				CLANG_ANALYZER_NONNULL = YES;
				CLANG_ANALYZER_NUMBER_OBJECT_CONVERSION = YES_AGGRESSIVE;
				CLANG_CXX_LANGUAGE_STANDARD = "gnu++14";
				CLANG_CXX_LIBRARY = "libc++";
				CLANG_ENABLE_MODULES = YES;
				CLANG_ENABLE_OBJC_ARC = YES;
				CLANG_ENABLE_OBJC_WEAK = YES;
				CLANG_WARN_BLOCK_CAPTURE_AUTORELEASING = YES;
				CLANG_WARN_BOOL_CONVERSION = YES;
				CLANG_WARN_COMMA = YES;
				CLANG_WARN_CONSTANT_CONVERSION = YES;
				CLANG_WARN_DEPRECATED_OBJC_IMPLEMENTATIONS = YES;
				CLANG_WARN_DIRECT_OBJC_ISA_USAGE = YES_ERROR;
				CLANG_WARN_DOCUMENTATION_COMMENTS = YES;
				CLANG_WARN_EMPTY_BODY = YES;
				CLANG_WARN_ENUM_CONVERSION = YES;
				CLANG_WARN_INFINITE_RECURSION = YES;
				CLANG_WARN_INT_CONVERSION = YES;
				CLANG_WARN_NON_LITERAL_NULL_CONVERSION = YES;
				CLANG_WARN_OBJC_IMPLICIT_RETAIN_SELF = YES;
				CLANG_WARN_OBJC_LITERAL_CONVERSION = YES;
				CLANG_WARN_OBJC_ROOT_CLASS = YES_ERROR;
				CLANG_WARN_RANGE_LOOP_ANALYSIS = YES;
				CLANG_WARN_STRICT_PROTOTYPES = YES;
				CLANG_WARN_SUSPICIOUS_MOVE = YES;
				CLANG_WARN_UNGUARDED_AVAILABILITY = YES_AGGRESSIVE;
				CLANG_WARN_UNREACHABLE_CODE = YES;
				CLANG_WARN__DUPLICATE_METHOD_MATCH = YES;
				COPY_PHASE_STRIP = NO;
				DEBUG_INFORMATION_FORMAT = dwarf;
				ENABLE_STRICT_OBJC_MSGSEND = YES;
				ENABLE_TESTABILITY = YES;
				GCC_C_LANGUAGE_STANDARD = gnu11;
				GCC_DYNAMIC_NO_PIC = NO;
				GCC_NO_COMMON_BLOCKS = YES;
				GCC_OPTIMIZATION_LEVEL = 0;
				GCC_PREPROCESSOR_DEFINITIONS = (
					"DEBUG=1",
					"$(inherited)",
				);
				GCC_WARN_64_TO_32_BIT_CONVERSION = YES;
				GCC_WARN_ABOUT_RETURN_TYPE = YES_ERROR;
				GCC_WARN_UNDECLARED_SELECTOR = YES;
				GCC_WARN_UNINITIALIZED_AUTOS = YES_AGGRESSIVE;
				GCC_WARN_UNUSED_FUNCTION = YES;
				GCC_WARN_UNUSED_VARIABLE = YES;
				IPHONEOS_DEPLOYMENT_TARGET = 13.1;
				MTL_ENABLE_DEBUG_INFO = INCLUDE_SOURCE;
				MTL_FAST_MATH = YES;
				ONLY_ACTIVE_ARCH = YES;
				SDKROOT = iphoneos;
				SWIFT_ACTIVE_COMPILATION_CONDITIONS = DEBUG;
				SWIFT_OPTIMIZATION_LEVEL = "-Onone";
			};
			name = Debug;
		};
		A36AF37F2495D0CA009292CA /* Release */ = {
			isa = XCBuildConfiguration;
			buildSettings = {
				ALWAYS_SEARCH_USER_PATHS = NO;
				CLANG_ANALYZER_NONNULL = YES;
				CLANG_ANALYZER_NUMBER_OBJECT_CONVERSION = YES_AGGRESSIVE;
				CLANG_CXX_LANGUAGE_STANDARD = "gnu++14";
				CLANG_CXX_LIBRARY = "libc++";
				CLANG_ENABLE_MODULES = YES;
				CLANG_ENABLE_OBJC_ARC = YES;
				CLANG_ENABLE_OBJC_WEAK = YES;
				CLANG_WARN_BLOCK_CAPTURE_AUTORELEASING = YES;
				CLANG_WARN_BOOL_CONVERSION = YES;
				CLANG_WARN_COMMA = YES;
				CLANG_WARN_CONSTANT_CONVERSION = YES;
				CLANG_WARN_DEPRECATED_OBJC_IMPLEMENTATIONS = YES;
				CLANG_WARN_DIRECT_OBJC_ISA_USAGE = YES_ERROR;
				CLANG_WARN_DOCUMENTATION_COMMENTS = YES;
				CLANG_WARN_EMPTY_BODY = YES;
				CLANG_WARN_ENUM_CONVERSION = YES;
				CLANG_WARN_INFINITE_RECURSION = YES;
				CLANG_WARN_INT_CONVERSION = YES;
				CLANG_WARN_NON_LITERAL_NULL_CONVERSION = YES;
				CLANG_WARN_OBJC_IMPLICIT_RETAIN_SELF = YES;
				CLANG_WARN_OBJC_LITERAL_CONVERSION = YES;
				CLANG_WARN_OBJC_ROOT_CLASS = YES_ERROR;
				CLANG_WARN_RANGE_LOOP_ANALYSIS = YES;
				CLANG_WARN_STRICT_PROTOTYPES = YES;
				CLANG_WARN_SUSPICIOUS_MOVE = YES;
				CLANG_WARN_UNGUARDED_AVAILABILITY = YES_AGGRESSIVE;
				CLANG_WARN_UNREACHABLE_CODE = YES;
				CLANG_WARN__DUPLICATE_METHOD_MATCH = YES;
				COPY_PHASE_STRIP = NO;
				DEBUG_INFORMATION_FORMAT = "dwarf-with-dsym";
				ENABLE_NS_ASSERTIONS = NO;
				ENABLE_STRICT_OBJC_MSGSEND = YES;
				GCC_C_LANGUAGE_STANDARD = gnu11;
				GCC_NO_COMMON_BLOCKS = YES;
				GCC_WARN_64_TO_32_BIT_CONVERSION = YES;
				GCC_WARN_ABOUT_RETURN_TYPE = YES_ERROR;
				GCC_WARN_UNDECLARED_SELECTOR = YES;
				GCC_WARN_UNINITIALIZED_AUTOS = YES_AGGRESSIVE;
				GCC_WARN_UNUSED_FUNCTION = YES;
				GCC_WARN_UNUSED_VARIABLE = YES;
				IPHONEOS_DEPLOYMENT_TARGET = 13.1;
				MTL_ENABLE_DEBUG_INFO = NO;
				MTL_FAST_MATH = YES;
				SDKROOT = iphoneos;
				SWIFT_COMPILATION_MODE = wholemodule;
				SWIFT_OPTIMIZATION_LEVEL = "-O";
				VALIDATE_PRODUCT = YES;
			};
			name = Release;
		};
		A36AF3812495D0CA009292CA /* Debug */ = {
			isa = XCBuildConfiguration;
			baseConfigurationReference = 2FB57E7C4B7351D1ACFFB3B3 /* Pods-Instagram.debug.xcconfig */;
			buildSettings = {
				ASSETCATALOG_COMPILER_APPICON_NAME = AppIcon;
				CODE_SIGN_STYLE = Automatic;
				DEVELOPMENT_TEAM = W84LTN97G6;
				INFOPLIST_FILE = Instagram/Info.plist;
				LD_RUNPATH_SEARCH_PATHS = (
					"$(inherited)",
					"@executable_path/Frameworks",
				);
				PRODUCT_BUNDLE_IDENTIFIER = hiroki.sato.Instagram;
				PRODUCT_NAME = "$(TARGET_NAME)";
				SWIFT_VERSION = 5.0;
				TARGETED_DEVICE_FAMILY = 1;
			};
			name = Debug;
		};
		A36AF3822495D0CA009292CA /* Release */ = {
			isa = XCBuildConfiguration;
			baseConfigurationReference = E95BBAC9D7E3149A1A3BA1BF /* Pods-Instagram.release.xcconfig */;
			buildSettings = {
				ASSETCATALOG_COMPILER_APPICON_NAME = AppIcon;
				CODE_SIGN_STYLE = Automatic;
				DEVELOPMENT_TEAM = W84LTN97G6;
				INFOPLIST_FILE = Instagram/Info.plist;
				LD_RUNPATH_SEARCH_PATHS = (
					"$(inherited)",
					"@executable_path/Frameworks",
				);
				PRODUCT_BUNDLE_IDENTIFIER = hiroki.sato.Instagram;
				PRODUCT_NAME = "$(TARGET_NAME)";
				SWIFT_VERSION = 5.0;
				TARGETED_DEVICE_FAMILY = 1;
			};
			name = Release;
		};
/* End XCBuildConfiguration section */

/* Begin XCConfigurationList section */
		A36AF3672495D0C8009292CA /* Build configuration list for PBXProject "Instagram" */ = {
			isa = XCConfigurationList;
			buildConfigurations = (
				A36AF37E2495D0CA009292CA /* Debug */,
				A36AF37F2495D0CA009292CA /* Release */,
			);
			defaultConfigurationIsVisible = 0;
			defaultConfigurationName = Release;
		};
		A36AF3802495D0CA009292CA /* Build configuration list for PBXNativeTarget "Instagram" */ = {
			isa = XCConfigurationList;
			buildConfigurations = (
				A36AF3812495D0CA009292CA /* Debug */,
				A36AF3822495D0CA009292CA /* Release */,
			);
			defaultConfigurationIsVisible = 0;
			defaultConfigurationName = Release;
		};
/* End XCConfigurationList section */
	};
	rootObject = A36AF3642495D0C8009292CA /* Project object */;
}
